
Microsoft Visual Studio Solution File, Format Version 12.00
# Visual Studio Version 17
VisualStudioVersion = 17.11.35219.272
MinimumVisualStudioVersion = 10.0.40219.1
Project("{FAE04EC0-301F-11D3-BF4B-00C04F79EFBC}") = "FitnessApplicationFrontEnd", "FitnessApplicationFrontEnd\FitnessApplicationFrontEnd.csproj", "{0C27C1A3-B62D-4D2A-A4F7-1B4B6D938708}"
EndProject
Global
	GlobalSection(SolutionConfigurationPlatforms) = preSolution
		Debug|Any CPU = Debug|Any CPU
		Release|Any CPU = Release|Any CPU
	EndGlobalSection
	GlobalSection(ProjectConfigurationPlatforms) = postSolution
		{0C27C1A3-B62D-4D2A-A4F7-1B4B6D938708}.Debug|Any CPU.ActiveCfg = Debug|Any CPU
		{0C27C1A3-B62D-4D2A-A4F7-1B4B6D938708}.Debug|Any CPU.Build.0 = Debug|Any CPU
		{0C27C1A3-B62D-4D2A-A4F7-1B4B6D938708}.Debug|Any CPU.Deploy.0 = Debug|Any CPU
		{0C27C1A3-B62D-4D2A-A4F7-1B4B6D938708}.Release|Any CPU.ActiveCfg = Release|Any CPU
		{0C27C1A3-B62D-4D2A-A4F7-1B4B6D938708}.Release|Any CPU.Build.0 = Release|Any CPU
		{0C27C1A3-B62D-4D2A-A4F7-1B4B6D938708}.Release|Any CPU.Deploy.0 = Release|Any CPU
	EndGlobalSection
	GlobalSection(SolutionProperties) = preSolution
		HideSolutionNode = FALSE
	EndGlobalSection
	GlobalSection(ExtensibilityGlobals) = postSolution
		SolutionGuid = {CB9E35F4-C5CE-4D00-AA0D-2BAEEB97A3B4}
	EndGlobalSection
EndGlobal
